github.com/fredyk/westack-go v1.5.41 h1:+DmnBPi1yuwQrhEyQEQhEfDu7pM8uQ7MqxkM0hCHvbA=
github.com/fredyk/westack-go v1.5.41/go.mod h1:xlu3EARsLgJ6eWTXmjhD4VfdJxogIgkc6e5UXbGvByU=
github.com/gofiber/fiber/v2 v2.32.0 h1:lpgcGEq1UENv27uVuOaufAhU8wUKnX8yb9L7559Neec=
github.com/gofiber/fiber/v2 v2.32.0/go.mod h1:CMy5ZLiXkn6qwthrl03YMyW1NLfj0rhxz2LKl4t7ZTY=
go.mongodb.org/mongo-driver v1.9.1 h1:m078y9v7sBItkt1aaoe2YlvWEXcD263e1a4E1fBrJ1c=
go.mongodb.org/mongo-driver v1.9.1/go.mod h1:0sQWfOeY63QTntERDJJ/0SuKK0T1uVSgKCuAROlKEPY=
